
Microsoft Visual Studio Solution File, Format Version 12.00
# Visual Studio 15
VisualStudioVersion = 15.0.28307.421
MinimumVisualStudioVersion = 10.0.40219.1
Project("{FAE04EC0-301F-11D3-BF4B-00C04F79EFBC}") = "NCM2MP3", "NCM2MP3\NCM2MP3.csproj", "{4440EC0C-5558-4DD9-9190-0AAA80205B1E}"
EndProject
Global
	GlobalSection(SolutionConfigurationPlatforms) = preSolution
		Debug|Any CPU = Debug|Any CPU
		Release|Any CPU = Release|Any CPU
	EndGlobalSection
	GlobalSection(ProjectConfigurationPlatforms) = postSolution
		{4440EC0C-5558-4DD9-9190-0AAA80205B1E}.Debug|Any CPU.ActiveCfg = Debug|Any CPU
		{4440EC0C-5558-4DD9-9190-0AAA80205B1E}.Debug|Any CPU.Build.0 = Debug|Any CPU
		{4440EC0C-5558-4DD9-9190-0AAA80205B1E}.Release|Any CPU.ActiveCfg = Release|Any CPU
		{4440EC0C-5558-4DD9-9190-0AAA80205B1E}.Release|Any CPU.Build.0 = Release|Any CPU
	EndGlobalSection
	GlobalSection(SolutionProperties) = preSolution
		HideSolutionNode = FALSE
	EndGlobalSection
	GlobalSection(ExtensibilityGlobals) = postSolution
		SolutionGuid = {BEA977C9-5012-4C3B-9882-B2F79177400C}
	EndGlobalSection
EndGlobal
